// !$*UTF8*$!
{
	archiveVersion = 1;
	classes = {
	};
	objectVersion = 46;
	objects = {

/* Begin PBXBuildFile section */
		6C2555071CB1FC00005F1280 /* main.m in Sources */ = {isa = PBXBuildFile; fileRef = 6C2555061CB1FC00005F1280 /* main.m */; };
		6C25550A1CB1FC00005F1280 /* AppDelegate.m in Sources */ = {isa = PBXBuildFile; fileRef = 6C2555091CB1FC00005F1280 /* AppDelegate.m */; };
		6C25550D1CB1FC00005F1280 /* ViewController.m in Sources */ = {isa = PBXBuildFile; fileRef = 6C25550C1CB1FC00005F1280 /* ViewController.m */; };
		6C2555101CB1FC00005F1280 /* Main.storyboard in Resources */ = {isa = PBXBuildFile; fileRef = 6C25550E1CB1FC00005F1280 /* Main.storyboard */; };
		6C2555131CB1FC00005F1280 /* KVO.xcdatamodeld in Sources */ = {isa = PBXBuildFile; fileRef = 6C2555111CB1FC00005F1280 /* KVO.xcdatamodeld */; };
		6C2555151CB1FC00005F1280 /* Assets.xcassets in Resources */ = {isa = PBXBuildFile; fileRef = 6C2555141CB1FC00005F1280 /* Assets.xcassets */; };
		6C2555181CB1FC00005F1280 /* LaunchScreen.storyboard in Resources */ = {isa = PBXBuildFile; fileRef = 6C2555161CB1FC00005F1280 /* LaunchScreen.storyboard */; };
		6C2555231CB1FC00005F1280 /* KVOTests.m in Sources */ = {isa = PBXBuildFile; fileRef = 6C2555221CB1FC00005F1280 /* KVOTests.m */; };
		6C25552E1CB1FC00005F1280 /* KVOUITests.m in Sources */ = {isa = PBXBuildFile; fileRef = 6C25552D1CB1FC00005F1280 /* KVOUITests.m */; };
		6C25553E1CB1FC31005F1280 /* LastDays.m in Sources */ = {isa = PBXBuildFile; fileRef = 6C25553D1CB1FC31005F1280 /* LastDays.m */; };
		6C2555431CB1FCC5005F1280 /* LastdaysObserver.m in Sources */ = {isa = PBXBuildFile; fileRef = 6C2555421CB1FCC5005F1280 /* LastdaysObserver.m */; };
/* End PBXBuildFile section */

/* Begin PBXContainerItemProxy section */
		6C25551F1CB1FC00005F1280 /* PBXContainerItemProxy */ = {
			isa = PBXContainerItemProxy;
			containerPortal = 6C2554FA1CB1FC00005F1280 /* Project object */;
			proxyType = 1;
			remoteGlobalIDString = 6C2555011CB1FC00005F1280;
			remoteInfo = KVO;
		};
		6C25552A1CB1FC00005F1280 /* PBXContainerItemProxy */ = {
			isa = PBXContainerItemProxy;
			containerPortal = 6C2554FA1CB1FC00005F1280 /* Project object */;
			proxyType = 1;
			remoteGlobalIDString = 6C2555011CB1FC00005F1280;
			remoteInfo = KVO;
		};
/* End PBXContainerItemProxy section */

/* Begin PBXFileReference section */
		6C2555021CB1FC00005F1280 /* KVO.app */ = {isa = PBXFileReference; explicitFileType = wrapper.application; includeInIndex = 0; path = KVO.app; sourceTree = BUILT_PRODUCTS_DIR; };
		6C2555061CB1FC00005F1280 /* main.m */ = {isa = PBXFileReference; lastKnownFileType = sourcecode.c.objc; path = main.m; sourceTree = "<group>"; };
		6C2555081CB1FC00005F1280 /* AppDelegate.h */ = {isa = PBXFileReference; lastKnownFileType = sourcecode.c.h; path = AppDelegate.h; sourceTree = "<group>"; };
		6C2555091CB1FC00005F1280 /* AppDelegate.m */ = {isa = PBXFileReference; lastKnownFileType = sourcecode.c.objc; path = AppDelegate.m; sourceTree = "<group>"; };
		6C25550B1CB1FC00005F1280 /* ViewController.h */ = {isa = PBXFileReference; lastKnownFileType = sourcecode.c.h; path = ViewController.h; sourceTree = "<group>"; };
		6C25550C1CB1FC00005F1280 /* ViewController.m */ = {isa = PBXFileReference; lastKnownFileType = sourcecode.c.objc; path = ViewController.m; sourceTree = "<group>"; };
		6C25550F1CB1FC00005F1280 /* Base */ = {isa = PBXFileReference; lastKnownFileType = file.storyboard; name = Base; path = Base.lproj/Main.storyboard; sourceTree = "<group>"; };
		6C2555121CB1FC00005F1280 /* KVO.xcdatamodel */ = {isa = PBXFileReference; lastKnownFileType = wrapper.xcdatamodel; path = KVO.xcdatamodel; sourceTree = "<group>"; };
		6C2555141CB1FC00005F1280 /* Assets.xcassets */ = {isa = PBXFileReference; lastKnownFileType = folder.assetcatalog; path = Assets.xcassets; sourceTree = "<group>"; };
		6C2555171CB1FC00005F1280 /* Base */ = {isa = PBXFileReference; lastKnownFileType = file.storyboard; name = Base; path = Base.lproj/LaunchScreen.storyboard; sourceTree = "<group>"; };
		6C2555191CB1FC00005F1280 /* Info.plist */ = {isa = PBXFileReference; lastKnownFileType = text.plist.xml; path = Info.plist; sourceTree = "<group>"; };
		6C25551E1CB1FC00005F1280 /* KVOTests.xctest */ = {isa = PBXFileReference; explicitFileType = wrapper.cfbundle; includeInIndex = 0; path = KVOTests.xctest; sourceTree = BUILT_PRODUCTS_DIR; };
		6C2555221CB1FC00005F1280 /* KVOTests.m */ = {isa = PBXFileReference; lastKnownFileType = sourcecode.c.objc; path = KVOTests.m; sourceTree = "<group>"; };
		6C2555241CB1FC00005F1280 /* Info.plist */ = {isa = PBXFileReference; lastKnownFileType = text.plist.xml; path = Info.plist; sourceTree = "<group>"; };
		6C2555291CB1FC00005F1280 /* KVOUITests.xctest */ = {isa = PBXFileReference; explicitFileType = wrapper.cfbundle; includeInIndex = 0; path = KVOUITests.xctest; sourceTree = BUILT_PRODUCTS_DIR; };
		6C25552D1CB1FC00005F1280 /* KVOUITests.m */ = {isa = PBXFileReference; lastKnownFileType = sourcecode.c.objc; path = KVOUITests.m; sourceTree = "<group>"; };
		6C25552F1CB1FC00005F1280 /* Info.plist */ = {isa = PBXFileReference; lastKnownFileType = text.plist.xml; path = Info.plist; sourceTree = "<group>"; };
		6C25553C1CB1FC31005F1280 /* LastDays.h */ = {isa = PBXFileReference; fileEncoding = 4; lastKnownFileType = sourcecode.c.h; name = LastDays.h; path = Model/LastDays.h; sourceTree = "<group>"; };
		6C25553D1CB1FC31005F1280 /* LastDays.m */ = {isa = PBXFileReference; fileEncoding = 4; lastKnownFileType = sourcecode.c.objc; name = LastDays.m; path = Model/LastDays.m; sourceTree = "<group>"; };
		6C2555411CB1FCC5005F1280 /* LastdaysObserver.h */ = {isa = PBXFileReference; fileEncoding = 4; lastKnownFileType = sourcecode.c.h; name = LastdaysObserver.h; path = Observer/LastdaysObserver.h; sourceTree = "<group>"; };
		6C2555421CB1FCC5005F1280 /* LastdaysObserver.m */ = {isa = PBXFileReference; fileEncoding = 4; lastKnownFileType = sourcecode.c.objc; name = LastdaysObserver.m; path = Observer/LastdaysObserver.m; sourceTree = "<group>"; };
/* End PBXFileReference section */

/* Begin PBXFrameworksBuildPhase section */
		6C2554FF1CB1FC00005F1280 /* Frameworks */ = {
			isa = PBXFrameworksBuildPhase;
			buildActionMask = 2147483647;
			files = (
			);
			runOnlyForDeploymentPostprocessing = 0;
		};
		6C25551B1CB1FC00005F1280 /* Frameworks */ = {
			isa = PBXFrameworksBuildPhase;
			buildActionMask = 2147483647;
			files = (
			);
			runOnlyForDeploymentPostprocessing = 0;
		};
		6C2555261CB1FC00005F1280 /* Frameworks */ = {
			isa = PBXFrameworksBuildPhase;
			buildActionMask = 2147483647;
			files = (
			);
			runOnlyForDeploymentPostprocessing = 0;
		};
/* End PBXFrameworksBuildPhase section */

/* Begin PBXGroup section */
		6C2554F91CB1FC00005F1280 = {
			isa = PBXGroup;
			children = (
				6C2555041CB1FC00005F1280 /* KVO */,
				6C2555211CB1FC00005F1280 /* KVOTests */,
				6C25552C1CB1FC00005F1280 /* KVOUITests */,
				6C2555031CB1FC00005F1280 /* Products */,
			);
			sourceTree = "<group>";
		};
		6C2555031CB1FC00005F1280 /* Products */ = {
			isa = PBXGroup;
			children = (
				6C2555021CB1FC00005F1280 /* KVO.app */,
				6C25551E1CB1FC00005F1280 /* KVOTests.xctest */,
				6C2555291CB1FC00005F1280 /* KVOUITests.xctest */,
			);
			name = Products;
			sourceTree = "<group>";
		};
		6C2555041CB1FC00005F1280 /* KVO */ = {
			isa = PBXGroup;
			children = (
				6C25553F1CB1FCA0005F1280 /* Observer */,
				6C25553B1CB1FC15005F1280 /* Model */,
				6C2555081CB1FC00005F1280 /* AppDelegate.h */,
				6C2555091CB1FC00005F1280 /* AppDelegate.m */,
				6C25550B1CB1FC00005F1280 /* ViewController.h */,
				6C25550C1CB1FC00005F1280 /* ViewController.m */,
				6C25550E1CB1FC00005F1280 /* Main.storyboard */,
				6C2555141CB1FC00005F1280 /* Assets.xcassets */,
				6C2555161CB1FC00005F1280 /* LaunchScreen.storyboard */,
				6C2555191CB1FC00005F1280 /* Info.plist */,
				6C2555111CB1FC00005F1280 /* KVO.xcdatamodeld */,
				6C2555051CB1FC00005F1280 /* Supporting Files */,
			);
			path = KVO;
			sourceTree = "<group>";
		};
		6C2555051CB1FC00005F1280 /* Supporting Files */ = {
			isa = PBXGroup;
			children = (
				6C2555061CB1FC00005F1280 /* main.m */,
			);
			name = "Supporting Files";
			sourceTree = "<group>";
		};
		6C2555211CB1FC00005F1280 /* KVOTests */ = {
			isa = PBXGroup;
			children = (
				6C2555221CB1FC00005F1280 /* KVOTests.m */,
				6C2555241CB1FC00005F1280 /* Info.plist */,
			);
			path = KVOTests;
			sourceTree = "<group>";
		};
		6C25552C1CB1FC00005F1280 /* KVOUITests */ = {
			isa = PBXGroup;
			children = (
				6C25552D1CB1FC00005F1280 /* KVOUITests.m */,
				6C25552F1CB1FC00005F1280 /* Info.plist */,
			);
			path = KVOUITests;
			sourceTree = "<group>";
		};
		6C25553B1CB1FC15005F1280 /* Model */ = {
			isa = PBXGroup;
			children = (
				6C25553C1CB1FC31005F1280 /* LastDays.h */,
				6C25553D1CB1FC31005F1280 /* LastDays.m */,
			);
			name = Model;
			sourceTree = "<group>";
		};
		6C25553F1CB1FCA0005F1280 /* Observer */ = {
			isa = PBXGroup;
			children = (
				6C2555411CB1FCC5005F1280 /* LastdaysObserver.h */,
				6C2555421CB1FCC5005F1280 /* LastdaysObserver.m */,
			);
			name = Observer;
			sourceTree = "<group>";
		};
/* End PBXGroup section */

/* Begin PBXNativeTarget section */
		6C2555011CB1FC00005F1280 /* KVO */ = {
			isa = PBXNativeTarget;
			buildConfigurationList = 6C2555321CB1FC00005F1280 /* Build configuration list for PBXNativeTarget "KVO" */;
			buildPhases = (
				6C2554FE1CB1FC00005F1280 /* Sources */,
				6C2554FF1CB1FC00005F1280 /* Frameworks */,
				6C2555001CB1FC00005F1280 /* Resources */,
			);
			buildRules = (
			);
			dependencies = (
			);
			name = KVO;
			productName = KVO;
			productReference = 6C2555021CB1FC00005F1280 /* KVO.app */;
			productType = "com.apple.product-type.application";
		};
		6C25551D1CB1FC00005F1280 /* KVOTests */ = {
			isa = PBXNativeTarget;
			buildConfigurationList = 6C2555351CB1FC00005F1280 /* Build configuration list for PBXNativeTarget "KVOTests" */;
			buildPhases = (
				6C25551A1CB1FC00005F1280 /* Sources */,
				6C25551B1CB1FC00005F1280 /* Frameworks */,
				6C25551C1CB1FC00005F1280 /* Resources */,
			);
			buildRules = (
			);
			dependencies = (
				6C2555201CB1FC00005F1280 /* PBXTargetDependency */,
			);
			name = KVOTests;
			productName = KVOTests;
			productReference = 6C25551E1CB1FC00005F1280 /* KVOTests.xctest */;
			productType = "com.apple.product-type.bundle.unit-test";
		};
		6C2555281CB1FC00005F1280 /* KVOUITests */ = {
			isa = PBXNativeTarget;
			buildConfigurationList = 6C2555381CB1FC00005F1280 /* Build configuration list for PBXNativeTarget "KVOUITests" */;
			buildPhases = (
				6C2555251CB1FC00005F1280 /* Sources */,
				6C2555261CB1FC00005F1280 /* Frameworks */,
				6C2555271CB1FC00005F1280 /* Resources */,
			);
			buildRules = (
			);
			dependencies = (
				6C25552B1CB1FC00005F1280 /* PBXTargetDependency */,
			);
			name = KVOUITests;
			productName = KVOUITests;
			productReference = 6C2555291CB1FC00005F1280 /* KVOUITests.xctest */;
			productType = "com.apple.product-type.bundle.ui-testing";
		};
/* End PBXNativeTarget section */

/* Begin PBXProject section */
		6C2554FA1CB1FC00005F1280 /* Project object */ = {
			isa = PBXProject;
			attributes = {
				LastUpgradeCheck = 0720;
				ORGANIZATIONNAME = LastDays;
				TargetAttributes = {
					6C2555011CB1FC00005F1280 = {
						CreatedOnToolsVersion = 7.2.1;
						DevelopmentTeam = 637MP4Y88D;
					};
					6C25551D1CB1FC00005F1280 = {
						CreatedOnToolsVersion = 7.2.1;
						DevelopmentTeam = 637MP4Y88D;
						TestTargetID = 6C2555011CB1FC00005F1280;
					};
					6C2555281CB1FC00005F1280 = {
						CreatedOnToolsVersion = 7.2.1;
						DevelopmentTeam = 637MP4Y88D;
						TestTargetID = 6C2555011CB1FC00005F1280;
					};
				};
			};
			buildConfigurationList = 6C2554FD1CB1FC00005F1280 /* Build configuration list for PBXProject "KVO" */;
			compatibilityVersion = "Xcode 3.2";
			developmentRegion = English;
			hasScannedForEncodings = 0;
			knownRegions = (
				en,
				Base,
			);
			mainGroup = 6C2554F91CB1FC00005F1280;
			productRefGroup = 6C2555031CB1FC00005F1280 /* Products */;
			projectDirPath = "";
			projectRoot = "";
			targets = (
				6C2555011CB1FC00005F1280 /* KVO */,
				6C25551D1CB1FC00005F1280 /* KVOTests */,
				6C2555281CB1FC00005F1280 /* KVOUITests */,
			);
		};
/* End PBXProject section */

/* Begin PBXResourcesBuildPhase section */
		6C2555001CB1FC00005F1280 /* Resources */ = {
			isa = PBXResourcesBuildPhase;
			buildActionMask = 2147483647;
			files = (
				6C2555181CB1FC00005F1280 /* LaunchScreen.storyboard in Resources */,
				6C2555151CB1FC00005F1280 /* Assets.xcassets in Resources */,
				6C2555101CB1FC00005F1280 /* Main.storyboard in Resources */,
			);
			runOnlyForDeploymentPostprocessing = 0;
		};
		6C25551C1CB1FC00005F1280 /* Resources */ = {
			isa = PBXResourcesBuildPhase;
			buildActionMask = 2147483647;
			files = (
			);
			runOnlyForDeploymentPostprocessing = 0;
		};
		6C2555271CB1FC00005F1280 /* Resources */ = {
			isa = PBXResourcesBuildPhase;
			buildActionMask = 2147483647;
			files = (
			);
			runOnlyForDeploymentPostprocessing = 0;
		};
/* End PBXResourcesBuildPhase section */

/* Begin PBXSourcesBuildPhase section */
		6C2554FE1CB1FC00005F1280 /* Sources */ = {
			isa = PBXSourcesBuildPhase;
			buildActionMask = 2147483647;
			files = (
				6C2555131CB1FC00005F1280 /* KVO.xcdatamodeld in Sources */,
				6C25550D1CB1FC00005F1280 /* ViewController.m in Sources */,
				6C25550A1CB1FC00005F1280 /* AppDelegate.m in Sources */,
				6C2555071CB1FC00005F1280 /* main.m in Sources */,
				6C2555431CB1FCC5005F1280 /* LastdaysObserver.m in Sources */,
				6C25553E1CB1FC31005F1280 /* LastDays.m in Sources */,
			);
			runOnlyForDeploymentPostprocessing = 0;
		};
		6C25551A1CB1FC00005F1280 /* Sources */ = {
			isa = PBXSourcesBuildPhase;
			buildActionMask = 2147483647;
			files = (
				6C2555231CB1FC00005F1280 /* KVOTests.m in Sources */,
			);
			runOnlyForDeploymentPostprocessing = 0;
		};
		6C2555251CB1FC00005F1280 /* Sources */ = {
			isa = PBXSourcesBuildPhase;
			buildActionMask = 2147483647;
			files = (
				6C25552E1CB1FC00005F1280 /* KVOUITests.m in Sources */,
			);
			runOnlyForDeploymentPostprocessing = 0;
		};
/* End PBXSourcesBuildPhase section */

/* Begin PBXTargetDependency section */
		6C2555201CB1FC00005F1280 /* PBXTargetDependency */ = {
			isa = PBXTargetDependency;
			target = 6C2555011CB1FC00005F1280 /* KVO */;
			targetProxy = 6C25551F1CB1FC00005F1280 /* PBXContainerItemProxy */;
		};
		6C25552B1CB1FC00005F1280 /* PBXTargetDependency */ = {
			isa = PBXTargetDependency;
			target = 6C2555011CB1FC00005F1280 /* KVO */;
			targetProxy = 6C25552A1CB1FC00005F1280 /* PBXContainerItemProxy */;
		};
/* End PBXTargetDependency section */

/* Begin PBXVariantGroup section */
		6C25550E1CB1FC00005F1280 /* Main.storyboard */ = {
			isa = PBXVariantGroup;
			children = (
				6C25550F1CB1FC00005F1280 /* Base */,
			);
			name = Main.storyboard;
			sourceTree = "<group>";
		};
		6C2555161CB1FC00005F1280 /* LaunchScreen.storyboard */ = {
			isa = PBXVariantGroup;
			children = (
				6C2555171CB1FC00005F1280 /* Base */,
			);
			name = LaunchScreen.storyboard;
			sourceTree = "<group>";
		};
/* End PBXVariantGroup section */

/* Begin XCBuildConfiguration section */
		6C2555301CB1FC00005F1280 /* Debug */ = {
			isa = XCBuildConfiguration;
			buildSettings = {
				ALWAYS_SEARCH_USER_PATHS = NO;
				CLANG_CXX_LANGUAGE_STANDARD = "gnu++0x";
				CLANG_CXX_LIBRARY = "libc++";
				CLANG_ENABLE_MODULES = YES;
				CLANG_ENABLE_OBJC_ARC = YES;
				CLANG_WARN_BOOL_CONVERSION = YES;
				CLANG_WARN_CONSTANT_CONVERSION = YES;
				CLANG_WARN_DIRECT_OBJC_ISA_USAGE = YES_ERROR;
				CLANG_WARN_EMPTY_BODY = YES;
				CLANG_WARN_ENUM_CONVERSION = YES;
				CLANG_WARN_INT_CONVERSION = YES;
				CLANG_WARN_OBJC_ROOT_CLASS = YES_ERROR;
				CLANG_WARN_UNREACHABLE_CODE = YES;
				CLANG_WARN__DUPLICATE_METHOD_MATCH = YES;
				"CODE_SIGN_IDENTITY[sdk=iphoneos*]" = "iPhone Developer";
				COPY_PHASE_STRIP = NO;
				DEBUG_INFORMATION_FORMAT = dwarf;
				ENABLE_STRICT_OBJC_MSGSEND = YES;
				ENABLE_TESTABILITY = YES;
				GCC_C_LANGUAGE_STANDARD = gnu99;
				GCC_DYNAMIC_NO_PIC = NO;
				GCC_NO_COMMON_BLOCKS = YES;
				GCC_OPTIMIZATION_LEVEL = 0;
				GCC_PREPROCESSOR_DEFINITIONS = (
					"DEBUG=1",
					"$(inherited)",
				);
				GCC_WARN_64_TO_32_BIT_CONVERSION = YES;
				GCC_WARN_ABOUT_RETURN_TYPE = YES_ERROR;
				GCC_WARN_UNDECLARED_SELECTOR = YES;
				GCC_WARN_UNINITIALIZED_AUTOS = YES_AGGRESSIVE;
				GCC_WARN_UNUSED_FUNCTION = YES;
				GCC_WARN_UNUSED_VARIABLE = YES;
				IPHONEOS_DEPLOYMENT_TARGET = 9.2;
				MTL_ENABLE_DEBUG_INFO = YES;
				ONLY_ACTIVE_ARCH = YES;
				SDKROOT = iphoneos;
				TARGETED_DEVICE_FAMILY = "1,2";
			};
			name = Debug;
		};
		6C2555311CB1FC00005F1280 /* Release */ = {
			isa = XCBuildConfiguration;
			buildSettings = {
				ALWAYS_SEARCH_USER_PATHS = NO;
				CLANG_CXX_LANGUAGE_STANDARD = "gnu++0x";
				CLANG_CXX_LIBRARY = "libc++";
				CLANG_ENABLE_MODULES = YES;
				CLANG_ENABLE_OBJC_ARC = YES;
				CLANG_WARN_BOOL_CONVERSION = YES;
				CLANG_WARN_CONSTANT_CONVERSION = YES;
				CLANG_WARN_DIRECT_OBJC_ISA_USAGE = YES_ERROR;
				CLANG_WARN_EMPTY_BODY = YES;
				CLANG_WARN_ENUM_CONVERSION = YES;
				CLANG_WARN_INT_CONVERSION = YES;
				CLANG_WARN_OBJC_ROOT_CLASS = YES_ERROR;
				CLANG_WARN_UNREACHABLE_CODE = YES;
				CLANG_WARN__DUPLICATE_METHOD_MATCH = YES;
				"CODE_SIGN_IDENTITY[sdk=iphoneos*]" = "iPhone Developer";
				COPY_PHASE_STRIP = NO;
				DEBUG_INFORMATION_FORMAT = "dwarf-with-dsym";
				ENABLE_NS_ASSERTIONS = NO;
				ENABLE_STRICT_OBJC_MSGSEND = YES;
				GCC_C_LANGUAGE_STANDARD = gnu99;
				GCC_NO_COMMON_BLOCKS = YES;
				GCC_WARN_64_TO_32_BIT_CONVERSION = YES;
				GCC_WARN_ABOUT_RETURN_TYPE = YES_ERROR;
				GCC_WARN_UNDECLARED_SELECTOR = YES;
				GCC_WARN_UNINITIALIZED_AUTOS = YES_AGGRESSIVE;
				GCC_WARN_UNUSED_FUNCTION = YES;
				GCC_WARN_UNUSED_VARIABLE = YES;
				IPHONEOS_DEPLOYMENT_TARGET = 9.2;
				MTL_ENABLE_DEBUG_INFO = NO;
				SDKROOT = iphoneos;
				TARGETED_DEVICE_FAMILY = "1,2";
				VALIDATE_PRODUCT = YES;
			};
			name = Release;
		};
		6C2555331CB1FC00005F1280 /* Debug */ = {
			isa = XCBuildConfiguration;
			buildSettings = {
				ASSETCATALOG_COMPILER_APPICON_NAME = AppIcon;
				INFOPLIST_FILE = KVO/Info.plist;
				LD_RUNPATH_SEARCH_PATHS = "$(inherited) @executable_path/Frameworks";
				PRODUCT_BUNDLE_IDENTIFIER = uit.lastdays.KVO;
				PRODUCT_NAME = "$(TARGET_NAME)";
			};
			name = Debug;
		};
		6C2555341CB1FC00005F1280 /* Release */ = {
			isa = XCBuildConfiguration;
			buildSettings = {
				ASSETCATALOG_COMPILER_APPICON_NAME = AppIcon;
				INFOPLIST_FILE = KVO/Info.plist;
				LD_RUNPATH_SEARCH_PATHS = "$(inherited) @executable_path/Frameworks";
				PRODUCT_BUNDLE_IDENTIFIER = uit.lastdays.KVO;
				PRODUCT_NAME = "$(TARGET_NAME)";
			};
			name = Release;
		};
		6C2555361CB1FC00005F1280 /* Debug */ = {
			isa = XCBuildConfiguration;
			buildSettings = {
				BUNDLE_LOADER = "$(TEST_HOST)";
				INFOPLIST_FILE = KVOTests/Info.plist;
				LD_RUNPATH_SEARCH_PATHS = "$(inherited) @executable_path/Frameworks @loader_path/Frameworks";
				PRODUCT_BUNDLE_IDENTIFIER = uit.lastdays.KVOTests;
				PRODUCT_NAME = "$(TARGET_NAME)";
				TEST_HOST = "$(BUILT_PRODUCTS_DIR)/KVO.app/KVO";
			};
			name = Debug;
		};
		6C2555371CB1FC00005F1280 /* Release */ = {
			isa = XCBuildConfiguration;
			buildSettings = {
				BUNDLE_LOADER = "$(TEST_HOST)";
				INFOPLIST_FILE = KVOTests/Info.plist;
				LD_RUNPATH_SEARCH_PATHS = "$(inherited) @executable_path/Frameworks @loader_path/Frameworks";
				PRODUCT_BUNDLE_IDENTIFIER = uit.lastdays.KVOTests;
				PRODUCT_NAME = "$(TARGET_NAME)";
				TEST_HOST = "$(BUILT_PRODUCTS_DIR)/KVO.app/KVO";
			};
			name = Release;
		};
		6C2555391CB1FC00005F1280 /* Debug */ = {
			isa = XCBuildConfiguration;
			buildSettings = {
				INFOPLIST_FILE = KVOUITests/Info.plist;
				LD_RUNPATH_SEARCH_PATHS = "$(inherited) @executable_path/Frameworks @loader_path/Frameworks";
				PRODUCT_BUNDLE_IDENTIFIER = uit.lastdays.KVOUITests;
				PRODUCT_NAME = "$(TARGET_NAME)";
				TEST_TARGET_NAME = KVO;
				USES_XCTRUNNER = YES;
			};
			name = Debug;
		};
		6C25553A1CB1FC00005F1280 /* Release */ = {
			isa = XCBuildConfiguration;
			buildSettings = {
				INFOPLIST_FILE = KVOUITests/Info.plist;
				LD_RUNPATH_SEARCH_PATHS = "$(inherited) @executable_path/Frameworks @loader_path/Frameworks";
				PRODUCT_BUNDLE_IDENTIFIER = uit.lastdays.KVOUITests;
				PRODUCT_NAME = "$(TARGET_NAME)";
				TEST_TARGET_NAME = KVO;
				USES_XCTRUNNER = YES;
			};
			name = Release;
		};
/* End XCBuildConfiguration section */

/* Begin XCConfigurationList section */
		6C2554FD1CB1FC00005F1280 /* Build configuration list for PBXProject "KVO" */ = {
			isa = XCConfigurationList;
			buildConfigurations = (
				6C2555301CB1FC00005F1280 /* Debug */,
				6C2555311CB1FC00005F1280 /* Release */,
			);
			defaultConfigurationIsVisible = 0;
			defaultConfigurationName = Release;
		};
		6C2555321CB1FC00005F1280 /* Build configuration list for PBXNativeTarget "KVO" */ = {
			isa = XCConfigurationList;
			buildConfigurations = (
				6C2555331CB1FC00005F1280 /* Debug */,
				6C2555341CB1FC00005F1280 /* Release */,
			);
			defaultConfigurationIsVisible = 0;
		};
		6C2555351CB1FC00005F1280 /* Build configuration list for PBXNativeTarget "KVOTests" */ = {
			isa = XCConfigurationList;
			buildConfigurations = (
				6C2555361CB1FC00005F1280 /* Debug */,
				6C2555371CB1FC00005F1280 /* Release */,
			);
			defaultConfigurationIsVisible = 0;
		};
		6C2555381CB1FC00005F1280 /* Build configuration list for PBXNativeTarget "KVOUITests" */ = {
			isa = XCConfigurationList;
			buildConfigurations = (
				6C2555391CB1FC00005F1280 /* Debug */,
				6C25553A1CB1FC00005F1280 /* Release */,
			);
			defaultConfigurationIsVisible = 0;
		};
/* End XCConfigurationList section */

/* Begin XCVersionGroup section */
		6C2555111CB1FC00005F1280 /* KVO.xcdatamodeld */ = {
			isa = XCVersionGroup;
			children = (
				6C2555121CB1FC00005F1280 /* KVO.xcdatamodel */,
			);
			currentVersion = 6C2555121CB1FC00005F1280 /* KVO.xcdatamodel */;
			path = KVO.xcdatamodeld;
			sourceTree = "<group>";
			versionGroupType = wrapper.xcdatamodel;
		};
/* End XCVersionGroup section */
	};
	rootObject = 6C2554FA1CB1FC00005F1280 /* Project object */;
}
